<?xml version="1.0" encoding="utf-8"?>
<Project ToolsVersion="4.0" xmlns="http://schemas.microsoft.com/developer/msbuild/2003">
  <ItemGroup>
    <ClCompile Include="pch.cpp" />
    <ClCompile Include="test.cpp">
      <Filter>Source Files</Filter>
    </ClCompile>
    <ClCompile Include="ObserverTests.cpp">
      <Filter>Source Files</Filter>
    </ClCompile>
    <ClCompile Include="GameControllerTests.cpp">
      <Filter>Source Files</Filter>
    </ClCompile>
    <ClCompile Include="ScoreManagerTests.cpp">
      <Filter>Source Files</Filter>
    </ClCompile>
    <ClCompile Include="MapTests.cpp">
      <Filter>Source Files</Filter>
    </ClCompile>
    <ClCompile Include="SnakeTests.cpp">
      <Filter>Source Files</Filter>
    </ClCompile>
    <ClCompile Include="$(MSBuildThisFileDirectory)src\gtest\gtest-all.cc" />
    <ClCompile Include="$(MSBuildThisFileDirectory)src\gmock\gmock-all.cc" />
    <ClCompile Include="GameAPITests.cpp">
      <Filter>Source Files</Filter>
    </ClCompile>
  </ItemGroup>
  <ItemGroup>
    <ClInclude Include="pch.h" />
    <ClInclude Include="MockObserverMap.h">
      <Filter>Header Files</Filter>
    </ClInclude>
    <ClInclude Include="MockObserverSnake.h">
      <Filter>Header Files</Filter>
    </ClInclude>
  </ItemGroup>
  <ItemGroup>
    <None Include="packages.config" />
  </ItemGroup>
  <ItemGroup>
    <Filter Include="Header Files">
      <UniqueIdentifier>{039995f0-6a9d-43d5-bed8-f661a581f5ff}</UniqueIdentifier>
    </Filter>
    <Filter Include="Source Files">
      <UniqueIdentifier>{88c78430-f229-4638-82a1-7377f0e8c9a1}</UniqueIdentifier>
    </Filter>
  </ItemGroup>
</Project>