
Microsoft Visual Studio Solution File, Format Version 12.00
# Visual Studio Version 17
VisualStudioVersion = 17.14.36408.4 d17.14
MinimumVisualStudioVersion = 10.0.40219.1
Project("{8BC9CEB8-8B4A-11D0-8D11-00A0C91BC942}") = "GameInterface", "GameInterface\GameInterface.vcxproj", "{EF6AC28A-E609-4AD8-8314-F65497A29F91}"
EndProject
Global
	GlobalSection(SolutionConfigurationPlatforms) = preSolution
		Debug|x64 = Debug|x64
		Release|x64 = Release|x64
	EndGlobalSection
	GlobalSection(ProjectConfigurationPlatforms) = postSolution
		{EF6AC28A-E609-4AD8-8314-F65497A29F91}.Debug|x64.ActiveCfg = Debug|x64
		{EF6AC28A-E609-4AD8-8314-F65497A29F91}.Debug|x64.Build.0 = Debug|x64
		{EF6AC28A-E609-4AD8-8314-F65497A29F91}.Release|x64.ActiveCfg = Release|x64
		{EF6AC28A-E609-4AD8-8314-F65497A29F91}.Release|x64.Build.0 = Release|x64
	EndGlobalSection
	GlobalSection(SolutionProperties) = preSolution
		HideSolutionNode = FALSE
	EndGlobalSection
	GlobalSection(ExtensibilityGlobals) = postSolution
		SolutionGuid = {D55DBB1E-A9C3-4C77-8F82-E73571BF0F66}
	EndGlobalSection
EndGlobal
